
Microsoft Visual Studio Solution File, Format Version 12.00
# Visual Studio Version 16
VisualStudioVersion = 16.0.31205.134
MinimumVisualStudioVersion = 10.0.40219.1
Project("{FAE04EC0-301F-11D3-BF4B-00C04F79EFBC}") = "RecommendationWorker", "RecommendationWorker\RecommendationWorker.csproj", "{B70D98E6-BA9D-4A46-A08C-714CE636A527}"
EndProject
Global
	GlobalSection(SolutionConfigurationPlatforms) = preSolution
		Debug|Any CPU = Debug|Any CPU
		Release|Any CPU = Release|Any CPU
	EndGlobalSection
	GlobalSection(ProjectConfigurationPlatforms) = postSolution
		{B70D98E6-BA9D-4A46-A08C-714CE636A527}.Debug|Any CPU.ActiveCfg = Debug|Any CPU
		{B70D98E6-BA9D-4A46-A08C-714CE636A527}.Debug|Any CPU.Build.0 = Debug|Any CPU
		{B70D98E6-BA9D-4A46-A08C-714CE636A527}.Release|Any CPU.ActiveCfg = Release|Any CPU
		{B70D98E6-BA9D-4A46-A08C-714CE636A527}.Release|Any CPU.Build.0 = Release|Any CPU
	EndGlobalSection
	GlobalSection(SolutionProperties) = preSolution
		HideSolutionNode = FALSE
	EndGlobalSection
	GlobalSection(ExtensibilityGlobals) = postSolution
		SolutionGuid = {4BFD830C-01A1-4791-92F1-280B4240BA94}
	EndGlobalSection
EndGlobal
